// !$*UTF8*$!
{
	archiveVersion = 1;
	classes = {
	};
	objectVersion = 48;
	objects = {

/* Begin PBXBuildFile section */
		3E9B30351FE22F5F00D062C8 /* Differentiator.framework in Frameworks */ = {isa = PBXBuildFile; fileRef = 3E9B30341FE22F5E00D062C8 /* Differentiator.framework */; };
		3EEBF2D41FE114B600F50D1F /* SwiftKit.framework in Frameworks */ = {isa = PBXBuildFile; fileRef = 3EEBF2CA1FE114B500F50D1F /* SwiftKit.framework */; };
		3EEBF2D91FE114B600F50D1F /* SwiftKitTests.swift in Sources */ = {isa = PBXBuildFile; fileRef = 3EEBF2D81FE114B600F50D1F /* SwiftKitTests.swift */; };
		3EEBF2DB1FE114B600F50D1F /* SwiftKit.h in Headers */ = {isa = PBXBuildFile; fileRef = 3EEBF2CD1FE114B500F50D1F /* SwiftKit.h */; settings = {ATTRIBUTES = (Public, ); }; };
		3EEBF3081FE115E200F50D1F /* APPError.swift in Sources */ = {isa = PBXBuildFile; fileRef = 3EEBF2E61FE115E000F50D1F /* APPError.swift */; };
		3EEBF30A1FE115E200F50D1F /* ActivityButton.swift in Sources */ = {isa = PBXBuildFile; fileRef = 3EEBF2E91FE115E100F50D1F /* ActivityButton.swift */; };
		3EEBF30B1FE115E200F50D1F /* GuideView.swift in Sources */ = {isa = PBXBuildFile; fileRef = 3EEBF2EA1FE115E100F50D1F /* GuideView.swift */; };
		3EEBF30C1FE115E200F50D1F /* OffsetLoadable.swift in Sources */ = {isa = PBXBuildFile; fileRef = 3EEBF2EC1FE115E100F50D1F /* OffsetLoadable.swift */; };
		3EEBF30F1FE115E200F50D1F /* Protocol.swift in Sources */ = {isa = PBXBuildFile; fileRef = 3EEBF2EF1FE115E100F50D1F /* Protocol.swift */; };
		3EEBF31B1FE115E200F50D1F /* Request.swift in Sources */ = {isa = PBXBuildFile; fileRef = 3EEBF2FC1FE115E100F50D1F /* Request.swift */; };
		3EEBF31C1FE115E200F50D1F /* Server.swift in Sources */ = {isa = PBXBuildFile; fileRef = 3EEBF2FD1FE115E100F50D1F /* Server.swift */; };
		3EEBF31E1FE115E200F50D1F /* ModelTranformCollection.swift in Sources */ = {isa = PBXBuildFile; fileRef = 3EEBF3011FE115E100F50D1F /* ModelTranformCollection.swift */; };
		3EEBF31F1FE115E200F50D1F /* IntExtension.swift in Sources */ = {isa = PBXBuildFile; fileRef = 3EEBF3031FE115E100F50D1F /* IntExtension.swift */; };
		3EEBF3201FE115E200F50D1F /* DecimalExtension.swift in Sources */ = {isa = PBXBuildFile; fileRef = 3EEBF3041FE115E100F50D1F /* DecimalExtension.swift */; };
		3EEBF3211FE115E200F50D1F /* DateExtension.swift in Sources */ = {isa = PBXBuildFile; fileRef = 3EEBF3051FE115E100F50D1F /* DateExtension.swift */; };
		3EEBF3221FE115E200F50D1F /* Tips.swift in Sources */ = {isa = PBXBuildFile; fileRef = 3EEBF3071FE115E100F50D1F /* Tips.swift */; };
		3EEBF3321FE11F0200F50D1F /* RxCocoa.framework in Frameworks */ = {isa = PBXBuildFile; fileRef = 3EEBF3281FE11F0100F50D1F /* RxCocoa.framework */; };
		3EEBF3331FE11F0200F50D1F /* QMUIKit.framework in Frameworks */ = {isa = PBXBuildFile; fileRef = 3EEBF3291FE11F0100F50D1F /* QMUIKit.framework */; };
		3EEBF3341FE11F0200F50D1F /* OHHTTPStubs.framework in Frameworks */ = {isa = PBXBuildFile; fileRef = 3EEBF32A1FE11F0100F50D1F /* OHHTTPStubs.framework */; };
		3EEBF3351FE11F0200F50D1F /* Result.framework in Frameworks */ = {isa = PBXBuildFile; fileRef = 3EEBF32B1FE11F0100F50D1F /* Result.framework */; };
		3EEBF3361FE11F0200F50D1F /* RxDataSources.framework in Frameworks */ = {isa = PBXBuildFile; fileRef = 3EEBF32C1FE11F0100F50D1F /* RxDataSources.framework */; };
		3EEBF3371FE11F0200F50D1F /* RxSwift.framework in Frameworks */ = {isa = PBXBuildFile; fileRef = 3EEBF32D1FE11F0100F50D1F /* RxSwift.framework */; };
		3EEBF3381FE11F0200F50D1F /* Alamofire.framework in Frameworks */ = {isa = PBXBuildFile; fileRef = 3EEBF32E1FE11F0200F50D1F /* Alamofire.framework */; };
		3EEBF3391FE11F0200F50D1F /* Moya.framework in Frameworks */ = {isa = PBXBuildFile; fileRef = 3EEBF32F1FE11F0200F50D1F /* Moya.framework */; };
		3EEBF33A1FE11F0200F50D1F /* RxMoya.framework in Frameworks */ = {isa = PBXBuildFile; fileRef = 3EEBF3301FE11F0200F50D1F /* RxMoya.framework */; };
		3EEBF33B1FE11F0200F50D1F /* ObjectMapper.framework in Frameworks */ = {isa = PBXBuildFile; fileRef = 3EEBF3311FE11F0200F50D1F /* ObjectMapper.framework */; };
		3EEBF3401FE12A4500F50D1F /* SwiftyBeaver.framework in Frameworks */ = {isa = PBXBuildFile; fileRef = 3EEBF33F1FE12A4500F50D1F /* SwiftyBeaver.framework */; };
		6CED40829BEC1DE340A9F956 /* NavigationController.swift in Sources */ = {isa = PBXBuildFile; fileRef = 6CED4C58C97E6B33350A9953 /* NavigationController.swift */; };
		6CED4189F3AC6C2EF50E08A2 /* LoginViewModel.swift in Sources */ = {isa = PBXBuildFile; fileRef = 6CED401E9B21873BDB76A4F9 /* LoginViewModel.swift */; };
		6CED4368C92F0B409A37D728 /* OffsetTableViewController.swift in Sources */ = {isa = PBXBuildFile; fileRef = 6CED487B2F6CD6FE44926821 /* OffsetTableViewController.swift */; };
		6CED436F6E10E5DC010A1EF9 /* RxViewController.swift in Sources */ = {isa = PBXBuildFile; fileRef = 6CED484C1B1AD5442E90109A /* RxViewController.swift */; };
		6CED43C0F6619E85887D5FDC /* Validator.swift in Sources */ = {isa = PBXBuildFile; fileRef = 6CED4C079BD5B57B10D28290 /* Validator.swift */; };
		6CED43C72B0C9F2CA05F5D3D /* ViewController.swift in Sources */ = {isa = PBXBuildFile; fileRef = 6CED4E2609F1E0E6A7717491 /* ViewController.swift */; };
		6CED452F2E78D01145D5B55B /* UserNameValidator.swift in Sources */ = {isa = PBXBuildFile; fileRef = 6CED4D15EADF762BEEC265A3 /* UserNameValidator.swift */; };
		6CED455482DE4188F6CC72A7 /* RxDesignableTableViewController.swift in Sources */ = {isa = PBXBuildFile; fileRef = 6CED4A198D2DBCB9A9779A06 /* RxDesignableTableViewController.swift */; };
		6CED47524B4F3A5C4ECA5628 /* TableViewController.swift in Sources */ = {isa = PBXBuildFile; fileRef = 6CED4AF20B15B1F3B8E7BB74 /* TableViewController.swift */; };
		6CED4B90E5C79A7D5A66BFBC /* RxStaticTableViewController.swift in Sources */ = {isa = PBXBuildFile; fileRef = 6CED40EF90805B6388B9E79F /* RxStaticTableViewController.swift */; };
		6CED4BC355C7BB976C79DF7A /* TableViewCell.swift in Sources */ = {isa = PBXBuildFile; fileRef = 6CED4EBE2E24AD173835BDD0 /* TableViewCell.swift */; };
		6CED4D5C3D6ECBA5E44783EB /* WebViewController.swift in Sources */ = {isa = PBXBuildFile; fileRef = 6CED4B1535BB098224B3F926 /* WebViewController.swift */; };
		6CED4DCCE9B76FB9D16AD3FA /* RxTableViewController.swift in Sources */ = {isa = PBXBuildFile; fileRef = 6CED4130718F9565FBB43A87 /* RxTableViewController.swift */; };
		6CED4F2C0530A5B67C964296 /* PasswordValidator.swift in Sources */ = {isa = PBXBuildFile; fileRef = 6CED4F072598596A6130C688 /* PasswordValidator.swift */; };
		6CED4F523E2DDDEA015D562D /* TabBarViewController.swift in Sources */ = {isa = PBXBuildFile; fileRef = 6CED43A7A6A3CF2A74D5EF59 /* TabBarViewController.swift */; };
		6CED4FB63EFEDB0D0E93E5B9 /* NavigationItem.swift in Sources */ = {isa = PBXBuildFile; fileRef = 6CED4461BE4DC34691F985F9 /* NavigationItem.swift */; };
/* End PBXBuildFile section */

/* Begin PBXContainerItemProxy section */
		3EEBF2D51FE114B600F50D1F /* PBXContainerItemProxy */ = {
			isa = PBXContainerItemProxy;
			containerPortal = 3EEBF2C11FE114B500F50D1F /* Project object */;
			proxyType = 1;
			remoteGlobalIDString = 3EEBF2C91FE114B500F50D1F;
			remoteInfo = SwiftKit;
		};
/* End PBXContainerItemProxy section */

/* Begin PBXFileReference section */
		3E9B30341FE22F5E00D062C8 /* Differentiator.framework */ = {isa = PBXFileReference; lastKnownFileType = wrapper.framework; name = Differentiator.framework; path = Carthage/Build/iOS/Differentiator.framework; sourceTree = "<group>"; };
		3EEBF2CA1FE114B500F50D1F /* SwiftKit.framework */ = {isa = PBXFileReference; explicitFileType = wrapper.framework; includeInIndex = 0; path = SwiftKit.framework; sourceTree = BUILT_PRODUCTS_DIR; };
		3EEBF2CD1FE114B500F50D1F /* SwiftKit.h */ = {isa = PBXFileReference; lastKnownFileType = sourcecode.c.h; path = SwiftKit.h; sourceTree = "<group>"; };
		3EEBF2CE1FE114B500F50D1F /* Info.plist */ = {isa = PBXFileReference; lastKnownFileType = text.plist.xml; path = Info.plist; sourceTree = "<group>"; };
		3EEBF2D31FE114B600F50D1F /* SwiftKitTests.xctest */ = {isa = PBXFileReference; explicitFileType = wrapper.cfbundle; includeInIndex = 0; path = SwiftKitTests.xctest; sourceTree = BUILT_PRODUCTS_DIR; };
		3EEBF2D81FE114B600F50D1F /* SwiftKitTests.swift */ = {isa = PBXFileReference; lastKnownFileType = sourcecode.swift; path = SwiftKitTests.swift; sourceTree = "<group>"; };
		3EEBF2DA1FE114B600F50D1F /* Info.plist */ = {isa = PBXFileReference; lastKnownFileType = text.plist.xml; path = Info.plist; sourceTree = "<group>"; };
		3EEBF2E61FE115E000F50D1F /* APPError.swift */ = {isa = PBXFileReference; fileEncoding = 4; lastKnownFileType = sourcecode.swift; path = APPError.swift; sourceTree = "<group>"; };
		3EEBF2E91FE115E100F50D1F /* ActivityButton.swift */ = {isa = PBXFileReference; fileEncoding = 4; lastKnownFileType = sourcecode.swift; path = ActivityButton.swift; sourceTree = "<group>"; };
		3EEBF2EA1FE115E100F50D1F /* GuideView.swift */ = {isa = PBXFileReference; fileEncoding = 4; lastKnownFileType = sourcecode.swift; path = GuideView.swift; sourceTree = "<group>"; };
		3EEBF2EC1FE115E100F50D1F /* OffsetLoadable.swift */ = {isa = PBXFileReference; fileEncoding = 4; lastKnownFileType = sourcecode.swift; path = OffsetLoadable.swift; sourceTree = "<group>"; };
		3EEBF2EF1FE115E100F50D1F /* Protocol.swift */ = {isa = PBXFileReference; fileEncoding = 4; lastKnownFileType = sourcecode.swift; path = Protocol.swift; sourceTree = "<group>"; };
		3EEBF2FC1FE115E100F50D1F /* Request.swift */ = {isa = PBXFileReference; fileEncoding = 4; lastKnownFileType = sourcecode.swift; path = Request.swift; sourceTree = "<group>"; };
		3EEBF2FD1FE115E100F50D1F /* Server.swift */ = {isa = PBXFileReference; fileEncoding = 4; lastKnownFileType = sourcecode.swift; path = Server.swift; sourceTree = "<group>"; };
		3EEBF3011FE115E100F50D1F /* ModelTranformCollection.swift */ = {isa = PBXFileReference; fileEncoding = 4; lastKnownFileType = sourcecode.swift; path = ModelTranformCollection.swift; sourceTree = "<group>"; };
		3EEBF3031FE115E100F50D1F /* IntExtension.swift */ = {isa = PBXFileReference; fileEncoding = 4; lastKnownFileType = sourcecode.swift; path = IntExtension.swift; sourceTree = "<group>"; };
		3EEBF3041FE115E100F50D1F /* DecimalExtension.swift */ = {isa = PBXFileReference; fileEncoding = 4; lastKnownFileType = sourcecode.swift; path = DecimalExtension.swift; sourceTree = "<group>"; };
		3EEBF3051FE115E100F50D1F /* DateExtension.swift */ = {isa = PBXFileReference; fileEncoding = 4; lastKnownFileType = sourcecode.swift; path = DateExtension.swift; sourceTree = "<group>"; };
		3EEBF3071FE115E100F50D1F /* Tips.swift */ = {isa = PBXFileReference; fileEncoding = 4; lastKnownFileType = sourcecode.swift; path = Tips.swift; sourceTree = "<group>"; };
		3EEBF3281FE11F0100F50D1F /* RxCocoa.framework */ = {isa = PBXFileReference; lastKnownFileType = wrapper.framework; name = RxCocoa.framework; path = Carthage/Build/iOS/RxCocoa.framework; sourceTree = "<group>"; };
		3EEBF3291FE11F0100F50D1F /* QMUIKit.framework */ = {isa = PBXFileReference; lastKnownFileType = wrapper.framework; name = QMUIKit.framework; path = Carthage/Build/iOS/QMUIKit.framework; sourceTree = "<group>"; };
		3EEBF32A1FE11F0100F50D1F /* OHHTTPStubs.framework */ = {isa = PBXFileReference; lastKnownFileType = wrapper.framework; name = OHHTTPStubs.framework; path = Carthage/Build/iOS/OHHTTPStubs.framework; sourceTree = "<group>"; };
		3EEBF32B1FE11F0100F50D1F /* Result.framework */ = {isa = PBXFileReference; lastKnownFileType = wrapper.framework; name = Result.framework; path = Carthage/Build/iOS/Result.framework; sourceTree = "<group>"; };
		3EEBF32C1FE11F0100F50D1F /* RxDataSources.framework */ = {isa = PBXFileReference; lastKnownFileType = wrapper.framework; name = RxDataSources.framework; path = Carthage/Build/iOS/RxDataSources.framework; sourceTree = "<group>"; };
		3EEBF32D1FE11F0100F50D1F /* RxSwift.framework */ = {isa = PBXFileReference; lastKnownFileType = wrapper.framework; name = RxSwift.framework; path = Carthage/Build/iOS/RxSwift.framework; sourceTree = "<group>"; };
		3EEBF32E1FE11F0200F50D1F /* Alamofire.framework */ = {isa = PBXFileReference; lastKnownFileType = wrapper.framework; name = Alamofire.framework; path = Carthage/Build/iOS/Alamofire.framework; sourceTree = "<group>"; };
		3EEBF32F1FE11F0200F50D1F /* Moya.framework */ = {isa = PBXFileReference; lastKnownFileType = wrapper.framework; name = Moya.framework; path = Carthage/Build/iOS/Moya.framework; sourceTree = "<group>"; };
		3EEBF3301FE11F0200F50D1F /* RxMoya.framework */ = {isa = PBXFileReference; lastKnownFileType = wrapper.framework; name = RxMoya.framework; path = Carthage/Build/iOS/RxMoya.framework; sourceTree = "<group>"; };
		3EEBF3311FE11F0200F50D1F /* ObjectMapper.framework */ = {isa = PBXFileReference; lastKnownFileType = wrapper.framework; name = ObjectMapper.framework; path = Carthage/Build/iOS/ObjectMapper.framework; sourceTree = "<group>"; };
		3EEBF33F1FE12A4500F50D1F /* SwiftyBeaver.framework */ = {isa = PBXFileReference; lastKnownFileType = wrapper.framework; name = SwiftyBeaver.framework; path = Carthage/Build/iOS/SwiftyBeaver.framework; sourceTree = "<group>"; };
		6CED401E9B21873BDB76A4F9 /* LoginViewModel.swift */ = {isa = PBXFileReference; fileEncoding = 4; lastKnownFileType = sourcecode.swift; path = LoginViewModel.swift; sourceTree = "<group>"; };
		6CED40EF90805B6388B9E79F /* RxStaticTableViewController.swift */ = {isa = PBXFileReference; fileEncoding = 4; lastKnownFileType = sourcecode.swift; path = RxStaticTableViewController.swift; sourceTree = "<group>"; };
		6CED4130718F9565FBB43A87 /* RxTableViewController.swift */ = {isa = PBXFileReference; fileEncoding = 4; lastKnownFileType = sourcecode.swift; path = RxTableViewController.swift; sourceTree = "<group>"; };
		6CED43A7A6A3CF2A74D5EF59 /* TabBarViewController.swift */ = {isa = PBXFileReference; fileEncoding = 4; lastKnownFileType = sourcecode.swift; path = TabBarViewController.swift; sourceTree = "<group>"; };
		6CED4461BE4DC34691F985F9 /* NavigationItem.swift */ = {isa = PBXFileReference; fileEncoding = 4; lastKnownFileType = sourcecode.swift; path = NavigationItem.swift; sourceTree = "<group>"; };
		6CED484C1B1AD5442E90109A /* RxViewController.swift */ = {isa = PBXFileReference; fileEncoding = 4; lastKnownFileType = sourcecode.swift; path = RxViewController.swift; sourceTree = "<group>"; };
		6CED487B2F6CD6FE44926821 /* OffsetTableViewController.swift */ = {isa = PBXFileReference; fileEncoding = 4; lastKnownFileType = sourcecode.swift; path = OffsetTableViewController.swift; sourceTree = "<group>"; };
		6CED4A198D2DBCB9A9779A06 /* RxDesignableTableViewController.swift */ = {isa = PBXFileReference; fileEncoding = 4; lastKnownFileType = sourcecode.swift; path = RxDesignableTableViewController.swift; sourceTree = "<group>"; };
		6CED4AF20B15B1F3B8E7BB74 /* TableViewController.swift */ = {isa = PBXFileReference; fileEncoding = 4; lastKnownFileType = sourcecode.swift; path = TableViewController.swift; sourceTree = "<group>"; };
		6CED4B1535BB098224B3F926 /* WebViewController.swift */ = {isa = PBXFileReference; fileEncoding = 4; lastKnownFileType = sourcecode.swift; path = WebViewController.swift; sourceTree = "<group>"; };
		6CED4C079BD5B57B10D28290 /* Validator.swift */ = {isa = PBXFileReference; fileEncoding = 4; lastKnownFileType = sourcecode.swift; path = Validator.swift; sourceTree = "<group>"; };
		6CED4C58C97E6B33350A9953 /* NavigationController.swift */ = {isa = PBXFileReference; fileEncoding = 4; lastKnownFileType = sourcecode.swift; path = NavigationController.swift; sourceTree = "<group>"; };
		6CED4D15EADF762BEEC265A3 /* UserNameValidator.swift */ = {isa = PBXFileReference; fileEncoding = 4; lastKnownFileType = sourcecode.swift; path = UserNameValidator.swift; sourceTree = "<group>"; };
		6CED4E2609F1E0E6A7717491 /* ViewController.swift */ = {isa = PBXFileReference; fileEncoding = 4; lastKnownFileType = sourcecode.swift; path = ViewController.swift; sourceTree = "<group>"; };
		6CED4EBE2E24AD173835BDD0 /* TableViewCell.swift */ = {isa = PBXFileReference; fileEncoding = 4; lastKnownFileType = sourcecode.swift; path = TableViewCell.swift; sourceTree = "<group>"; };
		6CED4F072598596A6130C688 /* PasswordValidator.swift */ = {isa = PBXFileReference; fileEncoding = 4; lastKnownFileType = sourcecode.swift; path = PasswordValidator.swift; sourceTree = "<group>"; };
/* End PBXFileReference section */

/* Begin PBXFrameworksBuildPhase section */
		3EEBF2C61FE114B500F50D1F /* Frameworks */ = {
			isa = PBXFrameworksBuildPhase;
			buildActionMask = 2147483647;
			files = (
				3EEBF3391FE11F0200F50D1F /* Moya.framework in Frameworks */,
				3EEBF3401FE12A4500F50D1F /* SwiftyBeaver.framework in Frameworks */,
				3EEBF3341FE11F0200F50D1F /* OHHTTPStubs.framework in Frameworks */,
				3EEBF33B1FE11F0200F50D1F /* ObjectMapper.framework in Frameworks */,
				3EEBF3321FE11F0200F50D1F /* RxCocoa.framework in Frameworks */,
				3EEBF3371FE11F0200F50D1F /* RxSwift.framework in Frameworks */,
				3E9B30351FE22F5F00D062C8 /* Differentiator.framework in Frameworks */,
				3EEBF3361FE11F0200F50D1F /* RxDataSources.framework in Frameworks */,
				3EEBF33A1FE11F0200F50D1F /* RxMoya.framework in Frameworks */,
				3EEBF3381FE11F0200F50D1F /* Alamofire.framework in Frameworks */,
				3EEBF3331FE11F0200F50D1F /* QMUIKit.framework in Frameworks */,
				3EEBF3351FE11F0200F50D1F /* Result.framework in Frameworks */,
			);
			runOnlyForDeploymentPostprocessing = 0;
		};
		3EEBF2D01FE114B600F50D1F /* Frameworks */ = {
			isa = PBXFrameworksBuildPhase;
			buildActionMask = 2147483647;
			files = (
				3EEBF2D41FE114B600F50D1F /* SwiftKit.framework in Frameworks */,
			);
			runOnlyForDeploymentPostprocessing = 0;
		};
/* End PBXFrameworksBuildPhase section */

/* Begin PBXGroup section */
		3EEBF2C01FE114B500F50D1F = {
			isa = PBXGroup;
			children = (
				3EEBF2CC1FE114B500F50D1F /* SwiftKit */,
				3EEBF2D71FE114B600F50D1F /* SwiftKitTests */,
				3EEBF2CB1FE114B500F50D1F /* Products */,
				3EEBF3251FE11ED700F50D1F /* Frameworks */,
			);
			sourceTree = "<group>";
		};
		3EEBF2CB1FE114B500F50D1F /* Products */ = {
			isa = PBXGroup;
			children = (
				3EEBF2CA1FE114B500F50D1F /* SwiftKit.framework */,
				3EEBF2D31FE114B600F50D1F /* SwiftKitTests.xctest */,
			);
			name = Products;
			sourceTree = "<group>";
		};
		3EEBF2CC1FE114B500F50D1F /* SwiftKit */ = {
			isa = PBXGroup;
			children = (
				3EEBF2EB1FE115E100F50D1F /* Base */,
				3EEBF2E71FE115E100F50D1F /* Common */,
				3EEBF2FF1FE115E100F50D1F /* Extension */,
				3EEBF2FB1FE115E100F50D1F /* Network */,
				3EEBF3061FE115E100F50D1F /* Tools */,
				3EEBF2E41FE115E000F50D1F /* Utils */,
				3EEBF2CD1FE114B500F50D1F /* SwiftKit.h */,
				3EEBF2CE1FE114B500F50D1F /* Info.plist */,
				6CED4F37B45B0D0D94ED8D4C /* View */,
				6CED4AC3EF19A08EF8307724 /* Modules */,
				6CED4346640C9E396CACFBD9 /* Compoments */,
			);
			path = SwiftKit;
			sourceTree = "<group>";
		};
		3EEBF2D71FE114B600F50D1F /* SwiftKitTests */ = {
			isa = PBXGroup;
			children = (
				3EEBF2D81FE114B600F50D1F /* SwiftKitTests.swift */,
				3EEBF2DA1FE114B600F50D1F /* Info.plist */,
			);
			path = SwiftKitTests;
			sourceTree = "<group>";
		};
		3EEBF2E41FE115E000F50D1F /* Utils */ = {
			isa = PBXGroup;
			children = (
				3EEBF2E51FE115E000F50D1F /* ErrorProcess */,
			);
			path = Utils;
			sourceTree = "<group>";
		};
		3EEBF2E51FE115E000F50D1F /* ErrorProcess */ = {
			isa = PBXGroup;
			children = (
				3EEBF2E61FE115E000F50D1F /* APPError.swift */,
			);
			path = ErrorProcess;
			sourceTree = "<group>";
		};
		3EEBF2E71FE115E100F50D1F /* Common */ = {
			isa = PBXGroup;
			children = (
				3EEBF2E91FE115E100F50D1F /* ActivityButton.swift */,
				3EEBF2EA1FE115E100F50D1F /* GuideView.swift */,
			);
			path = Common;
			sourceTree = "<group>";
		};
		3EEBF2EB1FE115E100F50D1F /* Base */ = {
			isa = PBXGroup;
			children = (
				3EEBF2EC1FE115E100F50D1F /* OffsetLoadable.swift */,
				3EEBF2EF1FE115E100F50D1F /* Protocol.swift */,
			);
			path = Base;
			sourceTree = "<group>";
		};
		3EEBF2FB1FE115E100F50D1F /* Network */ = {
			isa = PBXGroup;
			children = (
				3EEBF2FC1FE115E100F50D1F /* Request.swift */,
				3EEBF2FD1FE115E100F50D1F /* Server.swift */,
			);
			path = Network;
			sourceTree = "<group>";
		};
		3EEBF2FF1FE115E100F50D1F /* Extension */ = {
			isa = PBXGroup;
			children = (
				3EEBF3001FE115E100F50D1F /* Mapper */,
				3EEBF3021FE115E100F50D1F /* Foundation */,
			);
			path = Extension;
			sourceTree = "<group>";
		};
		3EEBF3001FE115E100F50D1F /* Mapper */ = {
			isa = PBXGroup;
			children = (
				3EEBF3011FE115E100F50D1F /* ModelTranformCollection.swift */,
			);
			path = Mapper;
			sourceTree = "<group>";
		};
		3EEBF3021FE115E100F50D1F /* Foundation */ = {
			isa = PBXGroup;
			children = (
				3EEBF3031FE115E100F50D1F /* IntExtension.swift */,
				3EEBF3041FE115E100F50D1F /* DecimalExtension.swift */,
				3EEBF3051FE115E100F50D1F /* DateExtension.swift */,
			);
			path = Foundation;
			sourceTree = "<group>";
		};
		3EEBF3061FE115E100F50D1F /* Tools */ = {
			isa = PBXGroup;
			children = (
				3EEBF3071FE115E100F50D1F /* Tips.swift */,
			);
			path = Tools;
			sourceTree = "<group>";
		};
		3EEBF3251FE11ED700F50D1F /* Frameworks */ = {
			isa = PBXGroup;
			children = (
				3EEBF32E1FE11F0200F50D1F /* Alamofire.framework */,
				3E9B30341FE22F5E00D062C8 /* Differentiator.framework */,
				3EEBF32F1FE11F0200F50D1F /* Moya.framework */,
				3EEBF3311FE11F0200F50D1F /* ObjectMapper.framework */,
				3EEBF32A1FE11F0100F50D1F /* OHHTTPStubs.framework */,
				3EEBF3291FE11F0100F50D1F /* QMUIKit.framework */,
				3EEBF32B1FE11F0100F50D1F /* Result.framework */,
				3EEBF3281FE11F0100F50D1F /* RxCocoa.framework */,
				3EEBF32C1FE11F0100F50D1F /* RxDataSources.framework */,
				3EEBF3301FE11F0200F50D1F /* RxMoya.framework */,
				3EEBF32D1FE11F0100F50D1F /* RxSwift.framework */,
				3EEBF33F1FE12A4500F50D1F /* SwiftyBeaver.framework */,
			);
			name = Frameworks;
			sourceTree = "<group>";
		};
		6CED4346640C9E396CACFBD9 /* Compoments */ = {
			isa = PBXGroup;
			children = (
				6CED4E11AFB46A5AA9059813 /* Login */,
			);
			path = Compoments;
			sourceTree = "<group>";
		};
		6CED49A0569F81DD63FC50B2 /* ViewModel */ = {
			isa = PBXGroup;
			children = (
				6CED401E9B21873BDB76A4F9 /* LoginViewModel.swift */,
			);
			path = ViewModel;
			sourceTree = "<group>";
		};
		6CED4AC3EF19A08EF8307724 /* Modules */ = {
			isa = PBXGroup;
			children = (
			);
			path = Modules;
			sourceTree = "<group>";
		};
		6CED4E11AFB46A5AA9059813 /* Login */ = {
			isa = PBXGroup;
			children = (
				6CED49A0569F81DD63FC50B2 /* ViewModel */,
				6CED4C079BD5B57B10D28290 /* Validator.swift */,
				6CED4E1C42B78D8E94D8B8F9 /* Model */,
			);
			path = Login;
			sourceTree = "<group>";
		};
		6CED4E1C42B78D8E94D8B8F9 /* Model */ = {
			isa = PBXGroup;
			children = (
				6CED4D15EADF762BEEC265A3 /* UserNameValidator.swift */,
				6CED4F072598596A6130C688 /* PasswordValidator.swift */,
			);
			path = Model;
			sourceTree = "<group>";
		};
		6CED4F37B45B0D0D94ED8D4C /* View */ = {
			isa = PBXGroup;
			children = (
				6CED4C58C97E6B33350A9953 /* NavigationController.swift */,
				6CED4461BE4DC34691F985F9 /* NavigationItem.swift */,
				6CED4E2609F1E0E6A7717491 /* ViewController.swift */,
				6CED4B1535BB098224B3F926 /* WebViewController.swift */,
				6CED4AF20B15B1F3B8E7BB74 /* TableViewController.swift */,
				6CED4A198D2DBCB9A9779A06 /* RxDesignableTableViewController.swift */,
				6CED4130718F9565FBB43A87 /* RxTableViewController.swift */,
				6CED484C1B1AD5442E90109A /* RxViewController.swift */,
				6CED487B2F6CD6FE44926821 /* OffsetTableViewController.swift */,
				6CED43A7A6A3CF2A74D5EF59 /* TabBarViewController.swift */,
				6CED40EF90805B6388B9E79F /* RxStaticTableViewController.swift */,
				6CED4EBE2E24AD173835BDD0 /* TableViewCell.swift */,
			);
			path = View;
			sourceTree = "<group>";
		};
/* End PBXGroup section */

/* Begin PBXHeadersBuildPhase section */
		3EEBF2C71FE114B500F50D1F /* Headers */ = {
			isa = PBXHeadersBuildPhase;
			buildActionMask = 2147483647;
			files = (
				3EEBF2DB1FE114B600F50D1F /* SwiftKit.h in Headers */,
			);
			runOnlyForDeploymentPostprocessing = 0;
		};
/* End PBXHeadersBuildPhase section */

/* Begin PBXNativeTarget section */
		3EEBF2C91FE114B500F50D1F /* SwiftKit */ = {
			isa = PBXNativeTarget;
			buildConfigurationList = 3EEBF2DE1FE114B600F50D1F /* Build configuration list for PBXNativeTarget "SwiftKit" */;
			buildPhases = (
				3EEBF3241FE11ECF00F50D1F /* ShellScript */,
				3EEBF2C51FE114B500F50D1F /* Sources */,
				3EEBF2C61FE114B500F50D1F /* Frameworks */,
				3EEBF2C71FE114B500F50D1F /* Headers */,
				3EEBF2C81FE114B500F50D1F /* Resources */,
				3EEBF3231FE11ECD00F50D1F /* ShellScript */,
				3E9B30361FE22FD300D062C8 /* ShellScript */,
			);
			buildRules = (
			);
			dependencies = (
			);
			name = SwiftKit;
			productName = SwiftKit;
			productReference = 3EEBF2CA1FE114B500F50D1F /* SwiftKit.framework */;
			productType = "com.apple.product-type.framework";
		};
		3EEBF2D21FE114B600F50D1F /* SwiftKitTests */ = {
			isa = PBXNativeTarget;
			buildConfigurationList = 3EEBF2E11FE114B600F50D1F /* Build configuration list for PBXNativeTarget "SwiftKitTests" */;
			buildPhases = (
				3EEBF2CF1FE114B600F50D1F /* Sources */,
				3EEBF2D01FE114B600F50D1F /* Frameworks */,
				3EEBF2D11FE114B600F50D1F /* Resources */,
			);
			buildRules = (
			);
			dependencies = (
				3EEBF2D61FE114B600F50D1F /* PBXTargetDependency */,
			);
			name = SwiftKitTests;
			productName = SwiftKitTests;
			productReference = 3EEBF2D31FE114B600F50D1F /* SwiftKitTests.xctest */;
			productType = "com.apple.product-type.bundle.unit-test";
		};
/* End PBXNativeTarget section */

/* Begin PBXProject section */
		3EEBF2C11FE114B500F50D1F /* Project object */ = {
			isa = PBXProject;
			attributes = {
				LastSwiftUpdateCheck = 0920;
				LastUpgradeCheck = 0920;
				ORGANIZATIONNAME = xnxin;
				TargetAttributes = {
					3EEBF2C91FE114B500F50D1F = {
						CreatedOnToolsVersion = 9.2;
						ProvisioningStyle = Automatic;
					};
					3EEBF2D21FE114B600F50D1F = {
						CreatedOnToolsVersion = 9.2;
						ProvisioningStyle = Automatic;
					};
				};
			};
			buildConfigurationList = 3EEBF2C41FE114B500F50D1F /* Build configuration list for PBXProject "SwiftKit" */;
			compatibilityVersion = "Xcode 8.0";
			developmentRegion = en;
			hasScannedForEncodings = 0;
			knownRegions = (
				en,
			);
			mainGroup = 3EEBF2C01FE114B500F50D1F;
			productRefGroup = 3EEBF2CB1FE114B500F50D1F /* Products */;
			projectDirPath = "";
			projectRoot = "";
			targets = (
				3EEBF2C91FE114B500F50D1F /* SwiftKit */,
				3EEBF2D21FE114B600F50D1F /* SwiftKitTests */,
			);
		};
/* End PBXProject section */

/* Begin PBXResourcesBuildPhase section */
		3EEBF2C81FE114B500F50D1F /* Resources */ = {
			isa = PBXResourcesBuildPhase;
			buildActionMask = 2147483647;
			files = (
			);
			runOnlyForDeploymentPostprocessing = 0;
		};
		3EEBF2D11FE114B600F50D1F /* Resources */ = {
			isa = PBXResourcesBuildPhase;
			buildActionMask = 2147483647;
			files = (
			);
			runOnlyForDeploymentPostprocessing = 0;
		};
/* End PBXResourcesBuildPhase section */

/* Begin PBXShellScriptBuildPhase section */
		3E9B30361FE22FD300D062C8 /* ShellScript */ = {
			isa = PBXShellScriptBuildPhase;
			buildActionMask = 2147483647;
			files = (
			);
			inputPaths = (
				"/Applications/Reveal.app/Contents/SharedSupport/iOS-Libraries/RevealServer.framework",
			);
			outputPaths = (
				"$(BUILT_PRODUCTS_DIR)/$(FRAMEWORKS_FOLDER_PATH)/RevealServer.framework",
			);
			runOnlyForDeploymentPostprocessing = 0;
			shellPath = /bin/sh;
			shellScript = "#\nif [ \"$CONFIGURATION\" == \"Debug\" ]; then\n  /usr/local/bin/carthage copy-frameworks\nfi\n";
		};
		3EEBF3231FE11ECD00F50D1F /* ShellScript */ = {
			isa = PBXShellScriptBuildPhase;
			buildActionMask = 2147483647;
			files = (
			);
			inputPaths = (
				"$(SRCROOT)/Carthage/Build/iOS/Alamofire.framework",
				"$(SRCROOT)/Carthage/Build/iOS/Moya.framework",
				"$(SRCROOT)/Carthage/Build/iOS/ObjectMapper.framework",
				"$(SRCROOT)/Carthage/Build/iOS/OHHTTPStubs.framework",
				"$(SRCROOT)/Carthage/Build/iOS/QMUIKit.framework",
				"$(SRCROOT)/Carthage/Build/iOS/Result.framework",
				"$(SRCROOT)/Carthage/Build/iOS/RxCocoa.framework",
				"$(SRCROOT)/Carthage/Build/iOS/RxDataSources.framework",
				"$(SRCROOT)/Carthage/Build/iOS/RxMoya.framework",
				"$(SRCROOT)/Carthage/Build/iOS/RxSwift.framework",
				"$(SRCROOT)/Carthage/Build/iOS/SwiftyBeaver.framework",
				"$(SRCROOT)/Carthage/Build/iOS/Differentiator.framework",
			);
			outputPaths = (
				"$(BUILT_PRODUCTS_DIR)/$(FRAMEWORKS_FOLDER_PATH)/Alamofire.framework",
				"$(BUILT_PRODUCTS_DIR)/$(FRAMEWORKS_FOLDER_PATH)/Moya.framework",
				"$(BUILT_PRODUCTS_DIR)/$(FRAMEWORKS_FOLDER_PATH)/ObjectMapper.framework",
				"$(BUILT_PRODUCTS_DIR)/$(FRAMEWORKS_FOLDER_PATH)/OHHTTPStubs.framework",
				"$(BUILT_PRODUCTS_DIR)/$(FRAMEWORKS_FOLDER_PATH)/QMUIKit.framework",
				"$(BUILT_PRODUCTS_DIR)/$(FRAMEWORKS_FOLDER_PATH)/Result.framework",
				"$(BUILT_PRODUCTS_DIR)/$(FRAMEWORKS_FOLDER_PATH)/RxCocoa.framework",
				"$(BUILT_PRODUCTS_DIR)/$(FRAMEWORKS_FOLDER_PATH)/RxDataSources.framework",
				"$(BUILT_PRODUCTS_DIR)/$(FRAMEWORKS_FOLDER_PATH)/RxMoya.framework",
				"$(BUILT_PRODUCTS_DIR)/$(FRAMEWORKS_FOLDER_PATH)/RxSwift.framework",
				"$(BUILT_PRODUCTS_DIR)/$(FRAMEWORKS_FOLDER_PATH)/SwiftyBeaver.framework",
				"$(BUILT_PRODUCTS_DIR)/$(FRAMEWORKS_FOLDER_PATH)/Differentiator.framework",
			);
			runOnlyForDeploymentPostprocessing = 0;
			shellPath = /bin/sh;
			shellScript = "/usr/local/bin/carthage copy-frameworks";
		};
		3EEBF3241FE11ECF00F50D1F /* ShellScript */ = {
			isa = PBXShellScriptBuildPhase;
			buildActionMask = 2147483647;
			files = (
			);
			inputPaths = (
			);
			outputPaths = (
			);
			runOnlyForDeploymentPostprocessing = 0;
			shellPath = /bin/sh;
			shellScript = "/usr/local/bin/carthage outdated --xcode-warnings";
		};
/* End PBXShellScriptBuildPhase section */

/* Begin PBXSourcesBuildPhase section */
		3EEBF2C51FE114B500F50D1F /* Sources */ = {
			isa = PBXSourcesBuildPhase;
			buildActionMask = 2147483647;
			files = (
				3EEBF31C1FE115E200F50D1F /* Server.swift in Sources */,
				3EEBF3211FE115E200F50D1F /* DateExtension.swift in Sources */,
				3EEBF31F1FE115E200F50D1F /* IntExtension.swift in Sources */,
				3EEBF31B1FE115E200F50D1F /* Request.swift in Sources */,
				3EEBF30F1FE115E200F50D1F /* Protocol.swift in Sources */,
				3EEBF31E1FE115E200F50D1F /* ModelTranformCollection.swift in Sources */,
				3EEBF3081FE115E200F50D1F /* APPError.swift in Sources */,
				3EEBF30A1FE115E200F50D1F /* ActivityButton.swift in Sources */,
				3EEBF3221FE115E200F50D1F /* Tips.swift in Sources */,
				3EEBF30C1FE115E200F50D1F /* OffsetLoadable.swift in Sources */,
				3EEBF3201FE115E200F50D1F /* DecimalExtension.swift in Sources */,
				3EEBF30B1FE115E200F50D1F /* GuideView.swift in Sources */,
				6CED40829BEC1DE340A9F956 /* NavigationController.swift in Sources */,
				6CED4FB63EFEDB0D0E93E5B9 /* NavigationItem.swift in Sources */,
				6CED43C72B0C9F2CA05F5D3D /* ViewController.swift in Sources */,
				6CED4D5C3D6ECBA5E44783EB /* WebViewController.swift in Sources */,
				6CED47524B4F3A5C4ECA5628 /* TableViewController.swift in Sources */,
				6CED455482DE4188F6CC72A7 /* RxDesignableTableViewController.swift in Sources */,
				6CED4DCCE9B76FB9D16AD3FA /* RxTableViewController.swift in Sources */,
				6CED436F6E10E5DC010A1EF9 /* RxViewController.swift in Sources */,
				6CED4368C92F0B409A37D728 /* OffsetTableViewController.swift in Sources */,
				6CED4F523E2DDDEA015D562D /* TabBarViewController.swift in Sources */,
				6CED4B90E5C79A7D5A66BFBC /* RxStaticTableViewController.swift in Sources */,
				6CED4BC355C7BB976C79DF7A /* TableViewCell.swift in Sources */,
				6CED4189F3AC6C2EF50E08A2 /* LoginViewModel.swift in Sources */,
				6CED43C0F6619E85887D5FDC /* Validator.swift in Sources */,
				6CED452F2E78D01145D5B55B /* UserNameValidator.swift in Sources */,
				6CED4F2C0530A5B67C964296 /* PasswordValidator.swift in Sources */,
			);
			runOnlyForDeploymentPostprocessing = 0;
		};
		3EEBF2CF1FE114B600F50D1F /* Sources */ = {
			isa = PBXSourcesBuildPhase;
			buildActionMask = 2147483647;
			files = (
				3EEBF2D91FE114B600F50D1F /* SwiftKitTests.swift in Sources */,
			);
			runOnlyForDeploymentPostprocessing = 0;
		};
/* End PBXSourcesBuildPhase section */

/* Begin PBXTargetDependency section */
		3EEBF2D61FE114B600F50D1F /* PBXTargetDependency */ = {
			isa = PBXTargetDependency;
			target = 3EEBF2C91FE114B500F50D1F /* SwiftKit */;
			targetProxy = 3EEBF2D51FE114B600F50D1F /* PBXContainerItemProxy */;
		};
/* End PBXTargetDependency section */

/* Begin XCBuildConfiguration section */
		3EEBF2DC1FE114B600F50D1F /* Debug */ = {
			isa = XCBuildConfiguration;
			buildSettings = {
				ALWAYS_SEARCH_USER_PATHS = NO;
				CLANG_ANALYZER_NONNULL = YES;
				CLANG_ANALYZER_NUMBER_OBJECT_CONVERSION = YES_AGGRESSIVE;
				CLANG_CXX_LANGUAGE_STANDARD = "gnu++14";
				CLANG_CXX_LIBRARY = "libc++";
				CLANG_ENABLE_MODULES = YES;
				CLANG_ENABLE_OBJC_ARC = YES;
				CLANG_WARN_BLOCK_CAPTURE_AUTORELEASING = YES;
				CLANG_WARN_BOOL_CONVERSION = YES;
				CLANG_WARN_COMMA = YES;
				CLANG_WARN_CONSTANT_CONVERSION = YES;
				CLANG_WARN_DIRECT_OBJC_ISA_USAGE = YES_ERROR;
				CLANG_WARN_DOCUMENTATION_COMMENTS = YES;
				CLANG_WARN_EMPTY_BODY = YES;
				CLANG_WARN_ENUM_CONVERSION = YES;
				CLANG_WARN_INFINITE_RECURSION = YES;
				CLANG_WARN_INT_CONVERSION = YES;
				CLANG_WARN_NON_LITERAL_NULL_CONVERSION = YES;
				CLANG_WARN_OBJC_LITERAL_CONVERSION = YES;
				CLANG_WARN_OBJC_ROOT_CLASS = YES_ERROR;
				CLANG_WARN_RANGE_LOOP_ANALYSIS = YES;
				CLANG_WARN_STRICT_PROTOTYPES = YES;
				CLANG_WARN_SUSPICIOUS_MOVE = YES;
				CLANG_WARN_UNGUARDED_AVAILABILITY = YES_AGGRESSIVE;
				CLANG_WARN_UNREACHABLE_CODE = YES;
				CLANG_WARN__DUPLICATE_METHOD_MATCH = YES;
				CODE_SIGN_IDENTITY = "iPhone Developer";
				COPY_PHASE_STRIP = NO;
				CURRENT_PROJECT_VERSION = 1;
				DEBUG_INFORMATION_FORMAT = dwarf;
				ENABLE_STRICT_OBJC_MSGSEND = YES;
				ENABLE_TESTABILITY = YES;
				GCC_C_LANGUAGE_STANDARD = gnu11;
				GCC_DYNAMIC_NO_PIC = NO;
				GCC_NO_COMMON_BLOCKS = YES;
				GCC_OPTIMIZATION_LEVEL = 0;
				GCC_PREPROCESSOR_DEFINITIONS = (
					"DEBUG=1",
					"$(inherited)",
				);
				GCC_WARN_64_TO_32_BIT_CONVERSION = YES;
				GCC_WARN_ABOUT_RETURN_TYPE = YES_ERROR;
				GCC_WARN_UNDECLARED_SELECTOR = YES;
				GCC_WARN_UNINITIALIZED_AUTOS = YES_AGGRESSIVE;
				GCC_WARN_UNUSED_FUNCTION = YES;
				GCC_WARN_UNUSED_VARIABLE = YES;
				IPHONEOS_DEPLOYMENT_TARGET = 11.2;
				MTL_ENABLE_DEBUG_INFO = YES;
				ONLY_ACTIVE_ARCH = YES;
				SDKROOT = iphoneos;
				SWIFT_ACTIVE_COMPILATION_CONDITIONS = DEBUG;
				SWIFT_OPTIMIZATION_LEVEL = "-Onone";
				VERSIONING_SYSTEM = "apple-generic";
				VERSION_INFO_PREFIX = "";
			};
			name = Debug;
		};
		3EEBF2DD1FE114B600F50D1F /* Release */ = {
			isa = XCBuildConfiguration;
			buildSettings = {
				ALWAYS_SEARCH_USER_PATHS = NO;
				CLANG_ANALYZER_NONNULL = YES;
				CLANG_ANALYZER_NUMBER_OBJECT_CONVERSION = YES_AGGRESSIVE;
				CLANG_CXX_LANGUAGE_STANDARD = "gnu++14";
				CLANG_CXX_LIBRARY = "libc++";
				CLANG_ENABLE_MODULES = YES;
				CLANG_ENABLE_OBJC_ARC = YES;
				CLANG_WARN_BLOCK_CAPTURE_AUTORELEASING = YES;
				CLANG_WARN_BOOL_CONVERSION = YES;
				CLANG_WARN_COMMA = YES;
				CLANG_WARN_CONSTANT_CONVERSION = YES;
				CLANG_WARN_DIRECT_OBJC_ISA_USAGE = YES_ERROR;
				CLANG_WARN_DOCUMENTATION_COMMENTS = YES;
				CLANG_WARN_EMPTY_BODY = YES;
				CLANG_WARN_ENUM_CONVERSION = YES;
				CLANG_WARN_INFINITE_RECURSION = YES;
				CLANG_WARN_INT_CONVERSION = YES;
				CLANG_WARN_NON_LITERAL_NULL_CONVERSION = YES;
				CLANG_WARN_OBJC_LITERAL_CONVERSION = YES;
				CLANG_WARN_OBJC_ROOT_CLASS = YES_ERROR;
				CLANG_WARN_RANGE_LOOP_ANALYSIS = YES;
				CLANG_WARN_STRICT_PROTOTYPES = YES;
				CLANG_WARN_SUSPICIOUS_MOVE = YES;
				CLANG_WARN_UNGUARDED_AVAILABILITY = YES_AGGRESSIVE;
				CLANG_WARN_UNREACHABLE_CODE = YES;
				CLANG_WARN__DUPLICATE_METHOD_MATCH = YES;
				CODE_SIGN_IDENTITY = "iPhone Developer";
				COPY_PHASE_STRIP = NO;
				CURRENT_PROJECT_VERSION = 1;
				DEBUG_INFORMATION_FORMAT = "dwarf-with-dsym";
				ENABLE_NS_ASSERTIONS = NO;
				ENABLE_STRICT_OBJC_MSGSEND = YES;
				GCC_C_LANGUAGE_STANDARD = gnu11;
				GCC_NO_COMMON_BLOCKS = YES;
				GCC_WARN_64_TO_32_BIT_CONVERSION = YES;
				GCC_WARN_ABOUT_RETURN_TYPE = YES_ERROR;
				GCC_WARN_UNDECLARED_SELECTOR = YES;
				GCC_WARN_UNINITIALIZED_AUTOS = YES_AGGRESSIVE;
				GCC_WARN_UNUSED_FUNCTION = YES;
				GCC_WARN_UNUSED_VARIABLE = YES;
				IPHONEOS_DEPLOYMENT_TARGET = 11.2;
				MTL_ENABLE_DEBUG_INFO = NO;
				SDKROOT = iphoneos;
				SWIFT_OPTIMIZATION_LEVEL = "-Owholemodule";
				VALIDATE_PRODUCT = YES;
				VERSIONING_SYSTEM = "apple-generic";
				VERSION_INFO_PREFIX = "";
			};
			name = Release;
		};
		3EEBF2DF1FE114B600F50D1F /* Debug */ = {
			isa = XCBuildConfiguration;
			buildSettings = {
				CODE_SIGN_IDENTITY = "";
				CODE_SIGN_STYLE = Automatic;
				DEFINES_MODULE = YES;
				DEVELOPMENT_TEAM = 329FNU8Z9Y;
				DYLIB_COMPATIBILITY_VERSION = 1;
				DYLIB_CURRENT_VERSION = 1;
				DYLIB_INSTALL_NAME_BASE = "@rpath";
				FRAMEWORK_SEARCH_PATHS = (
					"$(inherited)",
					"$(PROJECT_DIR)/Carthage/Build/iOS",
				);
				INFOPLIST_FILE = SwiftKit/Info.plist;
				INSTALL_PATH = "$(LOCAL_LIBRARY_DIR)/Frameworks";
				IPHONEOS_DEPLOYMENT_TARGET = 9.0;
				LD_RUNPATH_SEARCH_PATHS = "$(inherited) @executable_path/Frameworks @loader_path/Frameworks";
				PRODUCT_BUNDLE_IDENTIFIER = com.xnxin.SwiftKit;
				PRODUCT_NAME = "$(TARGET_NAME:c99extidentifier)";
				SKIP_INSTALL = YES;
				SWIFT_VERSION = 4.0;
				TARGETED_DEVICE_FAMILY = "1,2";
			};
			name = Debug;
		};
		3EEBF2E01FE114B600F50D1F /* Release */ = {
			isa = XCBuildConfiguration;
			buildSettings = {
				CODE_SIGN_IDENTITY = "";
				CODE_SIGN_STYLE = Automatic;
				DEFINES_MODULE = YES;
				DEVELOPMENT_TEAM = 329FNU8Z9Y;
				DYLIB_COMPATIBILITY_VERSION = 1;
				DYLIB_CURRENT_VERSION = 1;
				DYLIB_INSTALL_NAME_BASE = "@rpath";
				FRAMEWORK_SEARCH_PATHS = (
					"$(inherited)",
					"$(PROJECT_DIR)/Carthage/Build/iOS",
				);
				INFOPLIST_FILE = SwiftKit/Info.plist;
				INSTALL_PATH = "$(LOCAL_LIBRARY_DIR)/Frameworks";
				IPHONEOS_DEPLOYMENT_TARGET = 9.0;
				LD_RUNPATH_SEARCH_PATHS = "$(inherited) @executable_path/Frameworks @loader_path/Frameworks";
				PRODUCT_BUNDLE_IDENTIFIER = com.xnxin.SwiftKit;
				PRODUCT_NAME = "$(TARGET_NAME:c99extidentifier)";
				SKIP_INSTALL = YES;
				SWIFT_VERSION = 4.0;
				TARGETED_DEVICE_FAMILY = "1,2";
			};
			name = Release;
		};
		3EEBF2E21FE114B600F50D1F /* Debug */ = {
			isa = XCBuildConfiguration;
			buildSettings = {
				ALWAYS_EMBED_SWIFT_STANDARD_LIBRARIES = YES;
				CODE_SIGN_STYLE = Automatic;
				DEVELOPMENT_TEAM = 329FNU8Z9Y;
				INFOPLIST_FILE = SwiftKitTests/Info.plist;
				LD_RUNPATH_SEARCH_PATHS = "$(inherited) @executable_path/Frameworks @loader_path/Frameworks";
				PRODUCT_BUNDLE_IDENTIFIER = com.xnxin.SwiftKitTests;
				PRODUCT_NAME = "$(TARGET_NAME)";
				SWIFT_VERSION = 4.0;
				TARGETED_DEVICE_FAMILY = "1,2";
			};
			name = Debug;
		};
		3EEBF2E31FE114B600F50D1F /* Release */ = {
			isa = XCBuildConfiguration;
			buildSettings = {
				ALWAYS_EMBED_SWIFT_STANDARD_LIBRARIES = YES;
				CODE_SIGN_STYLE = Automatic;
				DEVELOPMENT_TEAM = 329FNU8Z9Y;
				INFOPLIST_FILE = SwiftKitTests/Info.plist;
				LD_RUNPATH_SEARCH_PATHS = "$(inherited) @executable_path/Frameworks @loader_path/Frameworks";
				PRODUCT_BUNDLE_IDENTIFIER = com.xnxin.SwiftKitTests;
				PRODUCT_NAME = "$(TARGET_NAME)";
				SWIFT_VERSION = 4.0;
				TARGETED_DEVICE_FAMILY = "1,2";
			};
			name = Release;
		};
/* End XCBuildConfiguration section */

/* Begin XCConfigurationList section */
		3EEBF2C41FE114B500F50D1F /* Build configuration list for PBXProject "SwiftKit" */ = {
			isa = XCConfigurationList;
			buildConfigurations = (
				3EEBF2DC1FE114B600F50D1F /* Debug */,
				3EEBF2DD1FE114B600F50D1F /* Release */,
			);
			defaultConfigurationIsVisible = 0;
			defaultConfigurationName = Release;
		};
		3EEBF2DE1FE114B600F50D1F /* Build configuration list for PBXNativeTarget "SwiftKit" */ = {
			isa = XCConfigurationList;
			buildConfigurations = (
				3EEBF2DF1FE114B600F50D1F /* Debug */,
				3EEBF2E01FE114B600F50D1F /* Release */,
			);
			defaultConfigurationIsVisible = 0;
			defaultConfigurationName = Release;
		};
		3EEBF2E11FE114B600F50D1F /* Build configuration list for PBXNativeTarget "SwiftKitTests" */ = {
			isa = XCConfigurationList;
			buildConfigurations = (
				3EEBF2E21FE114B600F50D1F /* Debug */,
				3EEBF2E31FE114B600F50D1F /* Release */,
			);
			defaultConfigurationIsVisible = 0;
			defaultConfigurationName = Release;
		};
/* End XCConfigurationList section */
	};
	rootObject = 3EEBF2C11FE114B500F50D1F /* Project object */;
}
